// !$*UTF8*$!
{
	archiveVersion = 1;
	classes = {
	};
	objectVersion = 46;
	objects = {

/* Begin PBXBuildFile section */
		17336C4D1E2CB0DC000F1E36 /* NSData+Base64.m in Sources */ = {isa = PBXBuildFile; fileRef = 17336C4A1E2CB0DC000F1E36 /* NSData+Base64.m */; };
		17336C4E1E2CB0DC000F1E36 /* NSString+Base64.m in Sources */ = {isa = PBXBuildFile; fileRef = 17336C4C1E2CB0DC000F1E36 /* NSString+Base64.m */; };
		17336C631E2CB231000F1E36 /* StoreKit.framework in Frameworks */ = {isa = PBXBuildFile; fileRef = 17336C621E2CB231000F1E36 /* StoreKit.framework */; };
		17336C641E2CB934000F1E36 /* HikkiIAPProxy.h in Copy Files */ = {isa = PBXBuildFile; fileRef = 17336C501E2CB0E2000F1E36 /* HikkiIAPProxy.h */; };
		17336C651E2CB938000F1E36 /* SDKInterface.h in Copy Files */ = {isa = PBXBuildFile; fileRef = 17336C521E2CB0E2000F1E36 /* SDKInterface.h */; };
		17336C661E2CB93E000F1E36 /* HikkiIAPProxy.m in Sources */ = {isa = PBXBuildFile; fileRef = 17336C511E2CB0E2000F1E36 /* HikkiIAPProxy.m */; };
		17664A351E2F241E00DFAA7F /* HikkiGenericTest.m in Sources */ = {isa = PBXBuildFile; fileRef = 17664A341E2F241E00DFAA7F /* HikkiGenericTest.m */; };
		17B236E21E2F0A92007E10BA /* AVFoundation.framework in Frameworks */ = {isa = PBXBuildFile; fileRef = 17B236E11E2F0A92007E10BA /* AVFoundation.framework */; };
		17B236E81E2F0D51007E10BA /* HikkiCommonLib+Media.m in Sources */ = {isa = PBXBuildFile; fileRef = 17B236E71E2F0D51007E10BA /* HikkiCommonLib+Media.m */; };
		17CE59631E2DF49A00834BD5 /* HikkiSDKLib.m in Sources */ = {isa = PBXBuildFile; fileRef = 17CE59621E2DF49A00834BD5 /* HikkiSDKLib.m */; };
		3A1918271D0BEA23000F6ACF /* HikkiARCLib.h in CopyFiles */ = {isa = PBXBuildFile; fileRef = 3A1918261D0BEA23000F6ACF /* HikkiARCLib.h */; };
		3A1918291D0BEA23000F6ACF /* HikkiARCLib.m in Sources */ = {isa = PBXBuildFile; fileRef = 3A1918281D0BEA23000F6ACF /* HikkiARCLib.m */; };
		3AD24F801D09BA6F008F7A0C /* HikkiFramework.h in Headers */ = {isa = PBXBuildFile; fileRef = 3AD24F7F1D09BA6F008F7A0C /* HikkiFramework.h */; settings = {ATTRIBUTES = (Public, ); }; };
		B83B7F1C1D017B22006281FA /* HikkiGameCenterProxy.m in Sources */ = {isa = PBXBuildFile; fileRef = B83B7F1B1D017B22006281FA /* HikkiGameCenterProxy.m */; };
		B8493C2B1DB8660A0087C1FE /* HikkiWebViewController.h in Headers */ = {isa = PBXBuildFile; fileRef = B8493C291DB8660A0087C1FE /* HikkiWebViewController.h */; };
		B8493C2C1DB8660A0087C1FE /* HikkiWebViewController.m in Sources */ = {isa = PBXBuildFile; fileRef = B8493C2A1DB8660A0087C1FE /* HikkiWebViewController.m */; };
		B8493C2D1DB8660A0087C1FE /* HikkiWebViewController.m in Sources */ = {isa = PBXBuildFile; fileRef = B8493C2A1DB8660A0087C1FE /* HikkiWebViewController.m */; };
		B84BFD821BDF63A90095C8E5 /* HikkiCommonLib.h in Copy Files */ = {isa = PBXBuildFile; fileRef = B84BFD811BDF63A90095C8E5 /* HikkiCommonLib.h */; };
		B84BFD841BDF63A90095C8E5 /* HikkiCommonLib.m in Sources */ = {isa = PBXBuildFile; fileRef = B84BFD831BDF63A90095C8E5 /* HikkiCommonLib.m */; };
		B88273771D0FAAA5007A5AA8 /* HikkiNetLib.m in Sources */ = {isa = PBXBuildFile; fileRef = B88273761D0FAAA5007A5AA8 /* HikkiNetLib.m */; };
		B8A252241D5C7FC200E1B89D /* IPAddress.c in Sources */ = {isa = PBXBuildFile; fileRef = B8A252221D5C7FC200E1B89D /* IPAddress.c */; };
		B8F486C71D01866200DB50C2 /* HikkiUncaughtExceptionHandler.mm in Sources */ = {isa = PBXBuildFile; fileRef = B8F486C61D01866200DB50C2 /* HikkiUncaughtExceptionHandler.mm */; };
/* End PBXBuildFile section */

/* Begin PBXCopyFilesBuildPhase section */
		17336C561E2CB1A7000F1E36 /* Copy Files */ = {
			isa = PBXCopyFilesBuildPhase;
			buildActionMask = 2147483647;
			dstPath = "include/$(PRODUCT_NAME)";
			dstSubfolderSpec = 16;
			files = (
				17336C651E2CB938000F1E36 /* SDKInterface.h in Copy Files */,
				17336C641E2CB934000F1E36 /* HikkiIAPProxy.h in Copy Files */,
			);
			name = "Copy Files";
			runOnlyForDeploymentPostprocessing = 0;
		};
		3A1918221D0BEA22000F6ACF /* CopyFiles */ = {
			isa = PBXCopyFilesBuildPhase;
			buildActionMask = 2147483647;
			dstPath = "include/$(PRODUCT_NAME)";
			dstSubfolderSpec = 16;
			files = (
				3A1918271D0BEA23000F6ACF /* HikkiARCLib.h in CopyFiles */,
			);
			runOnlyForDeploymentPostprocessing = 0;
		};
		B84BFD7C1BDF63A90095C8E5 /* Copy Files */ = {
			isa = PBXCopyFilesBuildPhase;
			buildActionMask = 2147483647;
			dstPath = "include/$(PRODUCT_NAME)";
			dstSubfolderSpec = 16;
			files = (
				B84BFD821BDF63A90095C8E5 /* HikkiCommonLib.h in Copy Files */,
			);
			name = "Copy Files";
			runOnlyForDeploymentPostprocessing = 0;
		};
/* End PBXCopyFilesBuildPhase section */

/* Begin PBXFileReference section */
		17336C491E2CB0DC000F1E36 /* NSData+Base64.h */ = {isa = PBXFileReference; fileEncoding = 4; lastKnownFileType = sourcecode.c.h; path = "NSData+Base64.h"; sourceTree = "<group>"; };
		17336C4A1E2CB0DC000F1E36 /* NSData+Base64.m */ = {isa = PBXFileReference; fileEncoding = 4; lastKnownFileType = sourcecode.c.objc; path = "NSData+Base64.m"; sourceTree = "<group>"; };
		17336C4B1E2CB0DC000F1E36 /* NSString+Base64.h */ = {isa = PBXFileReference; fileEncoding = 4; lastKnownFileType = sourcecode.c.h; path = "NSString+Base64.h"; sourceTree = "<group>"; };
		17336C4C1E2CB0DC000F1E36 /* NSString+Base64.m */ = {isa = PBXFileReference; fileEncoding = 4; lastKnownFileType = sourcecode.c.objc; path = "NSString+Base64.m"; sourceTree = "<group>"; };
		17336C501E2CB0E2000F1E36 /* HikkiIAPProxy.h */ = {isa = PBXFileReference; fileEncoding = 4; lastKnownFileType = sourcecode.c.h; path = HikkiIAPProxy.h; sourceTree = "<group>"; };
		17336C511E2CB0E2000F1E36 /* HikkiIAPProxy.m */ = {isa = PBXFileReference; fileEncoding = 4; lastKnownFileType = sourcecode.c.objc; path = HikkiIAPProxy.m; sourceTree = "<group>"; };
		17336C521E2CB0E2000F1E36 /* SDKInterface.h */ = {isa = PBXFileReference; fileEncoding = 4; lastKnownFileType = sourcecode.c.h; path = SDKInterface.h; sourceTree = "<group>"; };
		17336C581E2CB1A7000F1E36 /* libHikkiSDKLib.a */ = {isa = PBXFileReference; explicitFileType = archive.ar; includeInIndex = 0; path = libHikkiSDKLib.a; sourceTree = BUILT_PRODUCTS_DIR; };
		17336C621E2CB231000F1E36 /* StoreKit.framework */ = {isa = PBXFileReference; lastKnownFileType = wrapper.framework; name = StoreKit.framework; path = System/Library/Frameworks/StoreKit.framework; sourceTree = SDKROOT; };
		17664A331E2F241E00DFAA7F /* HikkiGenericTest.h */ = {isa = PBXFileReference; fileEncoding = 4; lastKnownFileType = sourcecode.c.h; path = HikkiGenericTest.h; sourceTree = "<group>"; };
		17664A341E2F241E00DFAA7F /* HikkiGenericTest.m */ = {isa = PBXFileReference; fileEncoding = 4; lastKnownFileType = sourcecode.c.objc; path = HikkiGenericTest.m; sourceTree = "<group>"; };
		17B236DF1E2F0A00007E10BA /* CoreVideo.framework */ = {isa = PBXFileReference; lastKnownFileType = wrapper.framework; name = CoreVideo.framework; path = System/Library/Frameworks/CoreVideo.framework; sourceTree = SDKROOT; };
		17B236E11E2F0A92007E10BA /* AVFoundation.framework */ = {isa = PBXFileReference; lastKnownFileType = wrapper.framework; name = AVFoundation.framework; path = System/Library/Frameworks/AVFoundation.framework; sourceTree = SDKROOT; };
		17B236E61E2F0D51007E10BA /* HikkiCommonLib+Media.h */ = {isa = PBXFileReference; fileEncoding = 4; lastKnownFileType = sourcecode.c.h; path = "HikkiCommonLib+Media.h"; sourceTree = "<group>"; };
		17B236E71E2F0D51007E10BA /* HikkiCommonLib+Media.m */ = {isa = PBXFileReference; fileEncoding = 4; lastKnownFileType = sourcecode.c.objc; path = "HikkiCommonLib+Media.m"; sourceTree = "<group>"; };
		17CE59611E2DF49A00834BD5 /* HikkiSDKLib.h */ = {isa = PBXFileReference; fileEncoding = 4; lastKnownFileType = sourcecode.c.h; path = HikkiSDKLib.h; sourceTree = "<group>"; };
		17CE59621E2DF49A00834BD5 /* HikkiSDKLib.m */ = {isa = PBXFileReference; fileEncoding = 4; lastKnownFileType = sourcecode.c.objc; path = HikkiSDKLib.m; sourceTree = "<group>"; };
		3A1918241D0BEA23000F6ACF /* libHikkiARCLib.a */ = {isa = PBXFileReference; explicitFileType = archive.ar; includeInIndex = 0; path = libHikkiARCLib.a; sourceTree = BUILT_PRODUCTS_DIR; };
		3A1918261D0BEA23000F6ACF /* HikkiARCLib.h */ = {isa = PBXFileReference; lastKnownFileType = sourcecode.c.h; path = HikkiARCLib.h; sourceTree = "<group>"; };
		3A1918281D0BEA23000F6ACF /* HikkiARCLib.m */ = {isa = PBXFileReference; lastKnownFileType = sourcecode.c.objc; path = HikkiARCLib.m; sourceTree = "<group>"; };
		3A19182D1D0BEFF1000F6ACF /* HikkiProtocol.h */ = {isa = PBXFileReference; fileEncoding = 4; lastKnownFileType = sourcecode.c.h; path = HikkiProtocol.h; sourceTree = "<group>"; };
		3AD24F7D1D09BA6F008F7A0C /* HikkiFramework.framework */ = {isa = PBXFileReference; explicitFileType = wrapper.framework; includeInIndex = 0; path = HikkiFramework.framework; sourceTree = BUILT_PRODUCTS_DIR; };
		3AD24F7F1D09BA6F008F7A0C /* HikkiFramework.h */ = {isa = PBXFileReference; lastKnownFileType = sourcecode.c.h; path = HikkiFramework.h; sourceTree = "<group>"; };
		3AD24F811D09BA6F008F7A0C /* Info.plist */ = {isa = PBXFileReference; lastKnownFileType = text.plist.xml; path = Info.plist; sourceTree = "<group>"; };
		B83B7F1A1D017B22006281FA /* HikkiGameCenterProxy.h */ = {isa = PBXFileReference; fileEncoding = 4; lastKnownFileType = sourcecode.c.h; path = HikkiGameCenterProxy.h; sourceTree = "<group>"; };
		B83B7F1B1D017B22006281FA /* HikkiGameCenterProxy.m */ = {isa = PBXFileReference; fileEncoding = 4; lastKnownFileType = sourcecode.c.objc; path = HikkiGameCenterProxy.m; sourceTree = "<group>"; };
		B8493C291DB8660A0087C1FE /* HikkiWebViewController.h */ = {isa = PBXFileReference; fileEncoding = 4; lastKnownFileType = sourcecode.c.h; path = HikkiWebViewController.h; sourceTree = "<group>"; };
		B8493C2A1DB8660A0087C1FE /* HikkiWebViewController.m */ = {isa = PBXFileReference; fileEncoding = 4; lastKnownFileType = sourcecode.c.objc; path = HikkiWebViewController.m; sourceTree = "<group>"; };
		B84BFD7E1BDF63A90095C8E5 /* libHikkiCommonLib.a */ = {isa = PBXFileReference; explicitFileType = archive.ar; includeInIndex = 0; path = libHikkiCommonLib.a; sourceTree = BUILT_PRODUCTS_DIR; };
		B84BFD811BDF63A90095C8E5 /* HikkiCommonLib.h */ = {isa = PBXFileReference; lastKnownFileType = sourcecode.c.h; path = HikkiCommonLib.h; sourceTree = "<group>"; };
		B84BFD831BDF63A90095C8E5 /* HikkiCommonLib.m */ = {isa = PBXFileReference; lastKnownFileType = sourcecode.c.objc; path = HikkiCommonLib.m; sourceTree = "<group>"; };
		B84BFD8A1BDF66210095C8E5 /* HikkiIAPProxy.h */ = {isa = PBXFileReference; fileEncoding = 4; lastKnownFileType = sourcecode.c.h; path = HikkiIAPProxy.h; sourceTree = "<group>"; };
		B84BFD8B1BDF66210095C8E5 /* HikkiIAPProxy.m */ = {isa = PBXFileReference; fileEncoding = 4; lastKnownFileType = sourcecode.c.objc; path = HikkiIAPProxy.m; sourceTree = "<group>"; };
		B88273761D0FAAA5007A5AA8 /* HikkiNetLib.m */ = {isa = PBXFileReference; fileEncoding = 4; lastKnownFileType = sourcecode.c.objc; path = HikkiNetLib.m; sourceTree = "<group>"; };
		B88273781D0FAAB8007A5AA8 /* HikkiNetLib.h */ = {isa = PBXFileReference; lastKnownFileType = sourcecode.c.h; path = HikkiNetLib.h; sourceTree = "<group>"; };
		B8A252221D5C7FC200E1B89D /* IPAddress.c */ = {isa = PBXFileReference; fileEncoding = 4; lastKnownFileType = sourcecode.c.c; path = IPAddress.c; sourceTree = "<group>"; };
		B8A252231D5C7FC200E1B89D /* IPAddress.h */ = {isa = PBXFileReference; fileEncoding = 4; lastKnownFileType = sourcecode.c.h; path = IPAddress.h; sourceTree = "<group>"; };
		B8F486C51D01866200DB50C2 /* HikkiUncaughtExceptionHandler.h */ = {isa = PBXFileReference; fileEncoding = 4; lastKnownFileType = sourcecode.c.h; path = HikkiUncaughtExceptionHandler.h; sourceTree = "<group>"; };
		B8F486C61D01866200DB50C2 /* HikkiUncaughtExceptionHandler.mm */ = {isa = PBXFileReference; fileEncoding = 4; lastKnownFileType = sourcecode.cpp.objcpp; path = HikkiUncaughtExceptionHandler.mm; sourceTree = "<group>"; };
/* End PBXFileReference section */

/* Begin PBXFrameworksBuildPhase section */
		17336C551E2CB1A7000F1E36 /* Frameworks */ = {
			isa = PBXFrameworksBuildPhase;
			buildActionMask = 2147483647;
			files = (
				17336C631E2CB231000F1E36 /* StoreKit.framework in Frameworks */,
			);
			runOnlyForDeploymentPostprocessing = 0;
		};
		3A1918211D0BEA22000F6ACF /* Frameworks */ = {
			isa = PBXFrameworksBuildPhase;
			buildActionMask = 2147483647;
			files = (
			);
			runOnlyForDeploymentPostprocessing = 0;
		};
		3AD24F791D09BA6F008F7A0C /* Frameworks */ = {
			isa = PBXFrameworksBuildPhase;
			buildActionMask = 2147483647;
			files = (
			);
			runOnlyForDeploymentPostprocessing = 0;
		};
		B84BFD7B1BDF63A90095C8E5 /* Frameworks */ = {
			isa = PBXFrameworksBuildPhase;
			buildActionMask = 2147483647;
			files = (
				17B236E21E2F0A92007E10BA /* AVFoundation.framework in Frameworks */,
			);
			runOnlyForDeploymentPostprocessing = 0;
		};
/* End PBXFrameworksBuildPhase section */

/* Begin PBXGroup section */
		17336C481E2CB0DC000F1E36 /* HikkiExtensionLib */ = {
			isa = PBXGroup;
			children = (
				17336C491E2CB0DC000F1E36 /* NSData+Base64.h */,
				17336C4A1E2CB0DC000F1E36 /* NSData+Base64.m */,
				17336C4B1E2CB0DC000F1E36 /* NSString+Base64.h */,
				17336C4C1E2CB0DC000F1E36 /* NSString+Base64.m */,
			);
			path = HikkiExtensionLib;
			sourceTree = "<group>";
		};
		17336C4F1E2CB0E2000F1E36 /* HikkiSDKLib */ = {
			isa = PBXGroup;
			children = (
				17336C501E2CB0E2000F1E36 /* HikkiIAPProxy.h */,
				17336C511E2CB0E2000F1E36 /* HikkiIAPProxy.m */,
				17336C521E2CB0E2000F1E36 /* SDKInterface.h */,
				17CE59611E2DF49A00834BD5 /* HikkiSDKLib.h */,
				17CE59621E2DF49A00834BD5 /* HikkiSDKLib.m */,
			);
			path = HikkiSDKLib;
			sourceTree = "<group>";
		};
		17336C611E2CB231000F1E36 /* Frameworks */ = {
			isa = PBXGroup;
			children = (
				17B236E11E2F0A92007E10BA /* AVFoundation.framework */,
				17B236DF1E2F0A00007E10BA /* CoreVideo.framework */,
				17336C621E2CB231000F1E36 /* StoreKit.framework */,
			);
			name = Frameworks;
			sourceTree = "<group>";
		};
		3A1918251D0BEA23000F6ACF /* HikkiARCLib */ = {
			isa = PBXGroup;
			children = (
				3A1918261D0BEA23000F6ACF /* HikkiARCLib.h */,
				3A1918281D0BEA23000F6ACF /* HikkiARCLib.m */,
			);
			path = HikkiARCLib;
			sourceTree = "<group>";
		};
		3AD24F7E1D09BA6F008F7A0C /* HikkiFramework */ = {
			isa = PBXGroup;
			children = (
				3AD24F7F1D09BA6F008F7A0C /* HikkiFramework.h */,
				3AD24F811D09BA6F008F7A0C /* Info.plist */,
			);
			path = HikkiFramework;
			sourceTree = "<group>";
		};
		B84BFD751BDF63A90095C8E5 = {
			isa = PBXGroup;
			children = (
				17336C4F1E2CB0E2000F1E36 /* HikkiSDKLib */,
				17336C481E2CB0DC000F1E36 /* HikkiExtensionLib */,
				B84BFD801BDF63A90095C8E5 /* HikkiCommonLib */,
				3AD24F7E1D09BA6F008F7A0C /* HikkiFramework */,
				3A1918251D0BEA23000F6ACF /* HikkiARCLib */,
				B84BFD7F1BDF63A90095C8E5 /* Products */,
				17336C611E2CB231000F1E36 /* Frameworks */,
			);
			sourceTree = "<group>";
		};
		B84BFD7F1BDF63A90095C8E5 /* Products */ = {
			isa = PBXGroup;
			children = (
				B84BFD7E1BDF63A90095C8E5 /* libHikkiCommonLib.a */,
				3AD24F7D1D09BA6F008F7A0C /* HikkiFramework.framework */,
				3A1918241D0BEA23000F6ACF /* libHikkiARCLib.a */,
				17336C581E2CB1A7000F1E36 /* libHikkiSDKLib.a */,
			);
			name = Products;
			sourceTree = "<group>";
		};
		B84BFD801BDF63A90095C8E5 /* HikkiCommonLib */ = {
			isa = PBXGroup;
			children = (
				B8A252221D5C7FC200E1B89D /* IPAddress.c */,
				B8A252231D5C7FC200E1B89D /* IPAddress.h */,
				B84BFD811BDF63A90095C8E5 /* HikkiCommonLib.h */,
				B84BFD831BDF63A90095C8E5 /* HikkiCommonLib.m */,
				B84BFD8A1BDF66210095C8E5 /* HikkiIAPProxy.h */,
				B84BFD8B1BDF66210095C8E5 /* HikkiIAPProxy.m */,
				B83B7F1A1D017B22006281FA /* HikkiGameCenterProxy.h */,
				B83B7F1B1D017B22006281FA /* HikkiGameCenterProxy.m */,
				B8F486C51D01866200DB50C2 /* HikkiUncaughtExceptionHandler.h */,
				B8F486C61D01866200DB50C2 /* HikkiUncaughtExceptionHandler.mm */,
				3A19182D1D0BEFF1000F6ACF /* HikkiProtocol.h */,
				B88273761D0FAAA5007A5AA8 /* HikkiNetLib.m */,
				B88273781D0FAAB8007A5AA8 /* HikkiNetLib.h */,
				B8493C291DB8660A0087C1FE /* HikkiWebViewController.h */,
				B8493C2A1DB8660A0087C1FE /* HikkiWebViewController.m */,
				17B236E61E2F0D51007E10BA /* HikkiCommonLib+Media.h */,
				17B236E71E2F0D51007E10BA /* HikkiCommonLib+Media.m */,
				17664A331E2F241E00DFAA7F /* HikkiGenericTest.h */,
				17664A341E2F241E00DFAA7F /* HikkiGenericTest.m */,
			);
			path = HikkiCommonLib;
			sourceTree = "<group>";
		};
/* End PBXGroup section */

/* Begin PBXHeadersBuildPhase section */
		3AD24F7A1D09BA6F008F7A0C /* Headers */ = {
			isa = PBXHeadersBuildPhase;
			buildActionMask = 2147483647;
			files = (
				3AD24F801D09BA6F008F7A0C /* HikkiFramework.h in Headers */,
				B8493C2B1DB8660A0087C1FE /* HikkiWebViewController.h in Headers */,
			);
			runOnlyForDeploymentPostprocessing = 0;
		};
/* End PBXHeadersBuildPhase section */

/* Begin PBXNativeTarget section */
		17336C571E2CB1A7000F1E36 /* HikkiSDKLib */ = {
			isa = PBXNativeTarget;
			buildConfigurationList = 17336C5E1E2CB1A7000F1E36 /* Build configuration list for PBXNativeTarget "HikkiSDKLib" */;
			buildPhases = (
				17336C541E2CB1A7000F1E36 /* Sources */,
				17336C551E2CB1A7000F1E36 /* Frameworks */,
				17336C561E2CB1A7000F1E36 /* Copy Files */,
			);
			buildRules = (
			);
			dependencies = (
			);
			name = HikkiSDKLib;
			productName = HikkiSDKLib;
			productReference = 17336C581E2CB1A7000F1E36 /* libHikkiSDKLib.a */;
			productType = "com.apple.product-type.library.static";
		};
		3A1918231D0BEA22000F6ACF /* HikkiARCLib */ = {
			isa = PBXNativeTarget;
			buildConfigurationList = 3A19182C1D0BEA23000F6ACF /* Build configuration list for PBXNativeTarget "HikkiARCLib" */;
			buildPhases = (
				3A1918201D0BEA22000F6ACF /* Sources */,
				3A1918211D0BEA22000F6ACF /* Frameworks */,
				3A1918221D0BEA22000F6ACF /* CopyFiles */,
			);
			buildRules = (
			);
			dependencies = (
			);
			name = HikkiARCLib;
			productName = HikkiARCLib;
			productReference = 3A1918241D0BEA23000F6ACF /* libHikkiARCLib.a */;
			productType = "com.apple.product-type.library.static";
		};
		3AD24F7C1D09BA6F008F7A0C /* HikkiFramework */ = {
			isa = PBXNativeTarget;
			buildConfigurationList = 3AD24F841D09BA6F008F7A0C /* Build configuration list for PBXNativeTarget "HikkiFramework" */;
			buildPhases = (
				3AD24F781D09BA6F008F7A0C /* Sources */,
				3AD24F791D09BA6F008F7A0C /* Frameworks */,
				3AD24F7A1D09BA6F008F7A0C /* Headers */,
				3AD24F7B1D09BA6F008F7A0C /* Resources */,
			);
			buildRules = (
			);
			dependencies = (
			);
			name = HikkiFramework;
			productName = HikkiFramework;
			productReference = 3AD24F7D1D09BA6F008F7A0C /* HikkiFramework.framework */;
			productType = "com.apple.product-type.framework";
		};
		B84BFD7D1BDF63A90095C8E5 /* HikkiCommonLib */ = {
			isa = PBXNativeTarget;
			buildConfigurationList = B84BFD871BDF63A90095C8E5 /* Build configuration list for PBXNativeTarget "HikkiCommonLib" */;
			buildPhases = (
				B84BFD7A1BDF63A90095C8E5 /* Sources */,
				B84BFD7C1BDF63A90095C8E5 /* Copy Files */,
				B84BFD7B1BDF63A90095C8E5 /* Frameworks */,
				3AD24F931D09DF64008F7A0C /* Run Script */,
			);
			buildRules = (
			);
			dependencies = (
			);
			name = HikkiCommonLib;
			productName = HikkiCommonLib;
			productReference = B84BFD7E1BDF63A90095C8E5 /* libHikkiCommonLib.a */;
			productType = "com.apple.product-type.library.static";
		};
/* End PBXNativeTarget section */

/* Begin PBXProject section */
		B84BFD761BDF63A90095C8E5 /* Project object */ = {
			isa = PBXProject;
			attributes = {
				LastUpgradeCheck = 0700;
				ORGANIZATIONNAME = Hikki;
				TargetAttributes = {
					17336C571E2CB1A7000F1E36 = {
						CreatedOnToolsVersion = 8.1;
						ProvisioningStyle = Automatic;
					};
					3A1918231D0BEA22000F6ACF = {
						CreatedOnToolsVersion = 7.3.1;
					};
					3AD24F7C1D09BA6F008F7A0C = {
						CreatedOnToolsVersion = 7.3.1;
					};
					B84BFD7D1BDF63A90095C8E5 = {
						CreatedOnToolsVersion = 7.0.1;
					};
				};
			};
			buildConfigurationList = B84BFD791BDF63A90095C8E5 /* Build configuration list for PBXProject "HikkiCommonLib" */;
			compatibilityVersion = "Xcode 3.2";
			developmentRegion = English;
			hasScannedForEncodings = 0;
			knownRegions = (
				en,
			);
			mainGroup = B84BFD751BDF63A90095C8E5;
			productRefGroup = B84BFD7F1BDF63A90095C8E5 /* Products */;
			projectDirPath = "";
			projectRoot = "";
			targets = (
				B84BFD7D1BDF63A90095C8E5 /* HikkiCommonLib */,
				3AD24F7C1D09BA6F008F7A0C /* HikkiFramework */,
				3A1918231D0BEA22000F6ACF /* HikkiARCLib */,
				17336C571E2CB1A7000F1E36 /* HikkiSDKLib */,
			);
		};
/* End PBXProject section */

/* Begin PBXResourcesBuildPhase section */
		3AD24F7B1D09BA6F008F7A0C /* Resources */ = {
			isa = PBXResourcesBuildPhase;
			buildActionMask = 2147483647;
			files = (
			);
			runOnlyForDeploymentPostprocessing = 0;
		};
/* End PBXResourcesBuildPhase section */

/* Begin PBXShellScriptBuildPhase section */
		3AD24F931D09DF64008F7A0C /* Run Script */ = {
			isa = PBXShellScriptBuildPhase;
			buildActionMask = 2147483647;
			files = (
			);
			inputPaths = (
			);
			name = "Run Script";
			outputPaths = (
			);
			runOnlyForDeploymentPostprocessing = 0;
			shellPath = /bin/sh;
			shellScript = "#!/bin/bash\nbuildNumber=$(/usr/libexec/PlistBuddy -c \"Print CFBundleVersion\" \"$INFOPLIST_FILE\")\nbuildNumber=$(($buildNumber + 1))\n/usr/libexec/PlistBuddy -c \"Set :CFBundleVersion $buildNumber\" \"$INFOPLIST_FILE\"";
		};
/* End PBXShellScriptBuildPhase section */

/* Begin PBXSourcesBuildPhase section */
		17336C541E2CB1A7000F1E36 /* Sources */ = {
			isa = PBXSourcesBuildPhase;
			buildActionMask = 2147483647;
			files = (
				17336C661E2CB93E000F1E36 /* HikkiIAPProxy.m in Sources */,
				17CE59631E2DF49A00834BD5 /* HikkiSDKLib.m in Sources */,
			);
			runOnlyForDeploymentPostprocessing = 0;
		};
		3A1918201D0BEA22000F6ACF /* Sources */ = {
			isa = PBXSourcesBuildPhase;
			buildActionMask = 2147483647;
			files = (
				3A1918291D0BEA23000F6ACF /* HikkiARCLib.m in Sources */,
			);
			runOnlyForDeploymentPostprocessing = 0;
		};
		3AD24F781D09BA6F008F7A0C /* Sources */ = {
			isa = PBXSourcesBuildPhase;
			buildActionMask = 2147483647;
			files = (
				B8493C2D1DB8660A0087C1FE /* HikkiWebViewController.m in Sources */,
			);
			runOnlyForDeploymentPostprocessing = 0;
		};
		B84BFD7A1BDF63A90095C8E5 /* Sources */ = {
			isa = PBXSourcesBuildPhase;
			buildActionMask = 2147483647;
			files = (
				17B236E81E2F0D51007E10BA /* HikkiCommonLib+Media.m in Sources */,
				B8493C2C1DB8660A0087C1FE /* HikkiWebViewController.m in Sources */,
				B88273771D0FAAA5007A5AA8 /* HikkiNetLib.m in Sources */,
				B84BFD841BDF63A90095C8E5 /* HikkiCommonLib.m in Sources */,
				B8A252241D5C7FC200E1B89D /* IPAddress.c in Sources */,
				17336C4E1E2CB0DC000F1E36 /* NSString+Base64.m in Sources */,
				17664A351E2F241E00DFAA7F /* HikkiGenericTest.m in Sources */,
				B8F486C71D01866200DB50C2 /* HikkiUncaughtExceptionHandler.mm in Sources */,
				B83B7F1C1D017B22006281FA /* HikkiGameCenterProxy.m in Sources */,
				17336C4D1E2CB0DC000F1E36 /* NSData+Base64.m in Sources */,
			);
			runOnlyForDeploymentPostprocessing = 0;
		};
/* End PBXSourcesBuildPhase section */

/* Begin XCBuildConfiguration section */
		17336C5F1E2CB1A7000F1E36 /* Debug */ = {
			isa = XCBuildConfiguration;
			buildSettings = {
				CLANG_ANALYZER_NONNULL = YES;
				CLANG_ENABLE_OBJC_ARC = YES;
				CLANG_WARN_DOCUMENTATION_COMMENTS = YES;
				CLANG_WARN_INFINITE_RECURSION = YES;
				CLANG_WARN_SUSPICIOUS_MOVES = YES;
				"CODE_SIGN_IDENTITY[sdk=iphoneos*]" = "iPhone Developer";
				IPHONEOS_DEPLOYMENT_TARGET = 10.1;
				OTHER_LDFLAGS = "-ObjC";
				PRODUCT_NAME = "$(TARGET_NAME)";
				SKIP_INSTALL = YES;
			};
			name = Debug;
		};
		17336C601E2CB1A7000F1E36 /* Release */ = {
			isa = XCBuildConfiguration;
			buildSettings = {
				CLANG_ANALYZER_NONNULL = YES;
				CLANG_ENABLE_OBJC_ARC = YES;
				CLANG_WARN_DOCUMENTATION_COMMENTS = YES;
				CLANG_WARN_INFINITE_RECURSION = YES;
				CLANG_WARN_SUSPICIOUS_MOVES = YES;
				"CODE_SIGN_IDENTITY[sdk=iphoneos*]" = "iPhone Developer";
				IPHONEOS_DEPLOYMENT_TARGET = 10.1;
				OTHER_LDFLAGS = "-ObjC";
				PRODUCT_NAME = "$(TARGET_NAME)";
				SKIP_INSTALL = YES;
			};
			name = Release;
		};
		3A19182A1D0BEA23000F6ACF /* Debug */ = {
			isa = XCBuildConfiguration;
			buildSettings = {
				CLANG_ANALYZER_NONNULL = YES;
				CLANG_ENABLE_OBJC_ARC = YES;
				"CODE_SIGN_IDENTITY[sdk=iphoneos*]" = "iPhone Developer";
				IPHONEOS_DEPLOYMENT_TARGET = 9.3;
				OTHER_LDFLAGS = "-ObjC";
				PRODUCT_NAME = "$(TARGET_NAME)";
				SKIP_INSTALL = YES;
			};
			name = Debug;
		};
		3A19182B1D0BEA23000F6ACF /* Release */ = {
			isa = XCBuildConfiguration;
			buildSettings = {
				CLANG_ANALYZER_NONNULL = YES;
				CLANG_ENABLE_OBJC_ARC = YES;
				"CODE_SIGN_IDENTITY[sdk=iphoneos*]" = "iPhone Developer";
				IPHONEOS_DEPLOYMENT_TARGET = 9.3;
				OTHER_LDFLAGS = "-ObjC";
				PRODUCT_NAME = "$(TARGET_NAME)";
				SKIP_INSTALL = YES;
			};
			name = Release;
		};
		3AD24F821D09BA6F008F7A0C /* Debug */ = {
			isa = XCBuildConfiguration;
			buildSettings = {
				CLANG_ANALYZER_NONNULL = YES;
				CLANG_ENABLE_OBJC_ARC = YES;
				"CODE_SIGN_IDENTITY[sdk=iphoneos*]" = "iPhone Developer";
				CURRENT_PROJECT_VERSION = 1;
				DEFINES_MODULE = YES;
				DYLIB_COMPATIBILITY_VERSION = 1;
				DYLIB_CURRENT_VERSION = 1;
				DYLIB_INSTALL_NAME_BASE = "@rpath";
				INFOPLIST_FILE = HikkiFramework/Info.plist;
				INSTALL_PATH = "$(LOCAL_LIBRARY_DIR)/Frameworks";
				IPHONEOS_DEPLOYMENT_TARGET = 9.3;
				LD_RUNPATH_SEARCH_PATHS = "$(inherited) @executable_path/Frameworks @loader_path/Frameworks";
				PRODUCT_BUNDLE_IDENTIFIER = com.hikki.HikkiFramework;
				PRODUCT_NAME = "$(TARGET_NAME)";
				SKIP_INSTALL = YES;
				TARGETED_DEVICE_FAMILY = "1,2";
				VERSIONING_SYSTEM = "apple-generic";
				VERSION_INFO_PREFIX = "";
			};
			name = Debug;
		};
		3AD24F831D09BA6F008F7A0C /* Release */ = {
			isa = XCBuildConfiguration;
			buildSettings = {
				CLANG_ANALYZER_NONNULL = YES;
				CLANG_ENABLE_OBJC_ARC = YES;
				"CODE_SIGN_IDENTITY[sdk=iphoneos*]" = "iPhone Developer";
				CURRENT_PROJECT_VERSION = 1;
				DEFINES_MODULE = YES;
				DYLIB_COMPATIBILITY_VERSION = 1;
				DYLIB_CURRENT_VERSION = 1;
				DYLIB_INSTALL_NAME_BASE = "@rpath";
				INFOPLIST_FILE = HikkiFramework/Info.plist;
				INSTALL_PATH = "$(LOCAL_LIBRARY_DIR)/Frameworks";
				IPHONEOS_DEPLOYMENT_TARGET = 9.3;
				LD_RUNPATH_SEARCH_PATHS = "$(inherited) @executable_path/Frameworks @loader_path/Frameworks";
				PRODUCT_BUNDLE_IDENTIFIER = com.hikki.HikkiFramework;
				PRODUCT_NAME = "$(TARGET_NAME)";
				SKIP_INSTALL = YES;
				TARGETED_DEVICE_FAMILY = "1,2";
				VERSIONING_SYSTEM = "apple-generic";
				VERSION_INFO_PREFIX = "";
			};
			name = Release;
		};
		B84BFD851BDF63A90095C8E5 /* Debug */ = {
			isa = XCBuildConfiguration;
			buildSettings = {
				ALWAYS_SEARCH_USER_PATHS = NO;
				CLANG_CXX_LANGUAGE_STANDARD = "gnu++0x";
				CLANG_CXX_LIBRARY = "libc++";
				CLANG_ENABLE_MODULES = YES;
				CLANG_ENABLE_OBJC_ARC = NO;
				CLANG_WARN_BOOL_CONVERSION = YES;
				CLANG_WARN_CONSTANT_CONVERSION = YES;
				CLANG_WARN_DIRECT_OBJC_ISA_USAGE = YES_ERROR;
				CLANG_WARN_EMPTY_BODY = YES;
				CLANG_WARN_ENUM_CONVERSION = YES;
				CLANG_WARN_INT_CONVERSION = YES;
				CLANG_WARN_OBJC_ROOT_CLASS = YES_ERROR;
				CLANG_WARN_UNREACHABLE_CODE = YES;
				CLANG_WARN__DUPLICATE_METHOD_MATCH = YES;
				COPY_PHASE_STRIP = NO;
				DEBUG_INFORMATION_FORMAT = dwarf;
				ENABLE_STRICT_OBJC_MSGSEND = YES;
				ENABLE_TESTABILITY = YES;
				GCC_C_LANGUAGE_STANDARD = gnu99;
				GCC_DYNAMIC_NO_PIC = NO;
				GCC_NO_COMMON_BLOCKS = YES;
				GCC_OPTIMIZATION_LEVEL = 0;
				GCC_PREPROCESSOR_DEFINITIONS = (
					"DEBUG=1",
					"$(inherited)",
				);
				GCC_WARN_64_TO_32_BIT_CONVERSION = YES;
				GCC_WARN_ABOUT_RETURN_TYPE = YES_ERROR;
				GCC_WARN_UNDECLARED_SELECTOR = YES;
				GCC_WARN_UNINITIALIZED_AUTOS = YES_AGGRESSIVE;
				GCC_WARN_UNUSED_FUNCTION = YES;
				GCC_WARN_UNUSED_VARIABLE = YES;
				IPHONEOS_DEPLOYMENT_TARGET = 7.0;
				MTL_ENABLE_DEBUG_INFO = YES;
				ONLY_ACTIVE_ARCH = YES;
				SDKROOT = iphoneos;
			};
			name = Debug;
		};
		B84BFD861BDF63A90095C8E5 /* Release */ = {
			isa = XCBuildConfiguration;
			buildSettings = {
				ALWAYS_SEARCH_USER_PATHS = NO;
				CLANG_CXX_LANGUAGE_STANDARD = "gnu++0x";
				CLANG_CXX_LIBRARY = "libc++";
				CLANG_ENABLE_MODULES = YES;
				CLANG_ENABLE_OBJC_ARC = NO;
				CLANG_WARN_BOOL_CONVERSION = YES;
				CLANG_WARN_CONSTANT_CONVERSION = YES;
				CLANG_WARN_DIRECT_OBJC_ISA_USAGE = YES_ERROR;
				CLANG_WARN_EMPTY_BODY = YES;
				CLANG_WARN_ENUM_CONVERSION = YES;
				CLANG_WARN_INT_CONVERSION = YES;
				CLANG_WARN_OBJC_ROOT_CLASS = YES_ERROR;
				CLANG_WARN_UNREACHABLE_CODE = YES;
				CLANG_WARN__DUPLICATE_METHOD_MATCH = YES;
				COPY_PHASE_STRIP = NO;
				DEBUG_INFORMATION_FORMAT = "dwarf-with-dsym";
				ENABLE_NS_ASSERTIONS = NO;
				ENABLE_STRICT_OBJC_MSGSEND = YES;
				GCC_C_LANGUAGE_STANDARD = gnu99;
				GCC_NO_COMMON_BLOCKS = YES;
				GCC_WARN_64_TO_32_BIT_CONVERSION = YES;
				GCC_WARN_ABOUT_RETURN_TYPE = YES_ERROR;
				GCC_WARN_UNDECLARED_SELECTOR = YES;
				GCC_WARN_UNINITIALIZED_AUTOS = YES_AGGRESSIVE;
				GCC_WARN_UNUSED_FUNCTION = YES;
				GCC_WARN_UNUSED_VARIABLE = YES;
				IPHONEOS_DEPLOYMENT_TARGET = 7.0;
				MTL_ENABLE_DEBUG_INFO = NO;
				SDKROOT = iphoneos;
				VALIDATE_PRODUCT = YES;
			};
			name = Release;
		};
		B84BFD881BDF63A90095C8E5 /* Debug */ = {
			isa = XCBuildConfiguration;
			buildSettings = {
				GCC_PREPROCESSOR_DEFINITIONS = (
					"HIKKI_DEBUG=1",
					"DEBUG=1",
					"$(inherited)",
				);
				OTHER_LDFLAGS = "-ObjC";
				PRODUCT_NAME = "$(TARGET_NAME)";
				SKIP_INSTALL = YES;
			};
			name = Debug;
		};
		B84BFD891BDF63A90095C8E5 /* Release */ = {
			isa = XCBuildConfiguration;
			buildSettings = {
				OTHER_LDFLAGS = "-ObjC";
				PRODUCT_NAME = "$(TARGET_NAME)";
				SKIP_INSTALL = YES;
			};
			name = Release;
		};
/* End XCBuildConfiguration section */

/* Begin XCConfigurationList section */
		17336C5E1E2CB1A7000F1E36 /* Build configuration list for PBXNativeTarget "HikkiSDKLib" */ = {
			isa = XCConfigurationList;
			buildConfigurations = (
				17336C5F1E2CB1A7000F1E36 /* Debug */,
				17336C601E2CB1A7000F1E36 /* Release */,
			);
			defaultConfigurationIsVisible = 0;
			defaultConfigurationName = Release;
		};
		3A19182C1D0BEA23000F6ACF /* Build configuration list for PBXNativeTarget "HikkiARCLib" */ = {
			isa = XCConfigurationList;
			buildConfigurations = (
				3A19182A1D0BEA23000F6ACF /* Debug */,
				3A19182B1D0BEA23000F6ACF /* Release */,
			);
			defaultConfigurationIsVisible = 0;
			defaultConfigurationName = Release;
		};
		3AD24F841D09BA6F008F7A0C /* Build configuration list for PBXNativeTarget "HikkiFramework" */ = {
			isa = XCConfigurationList;
			buildConfigurations = (
				3AD24F821D09BA6F008F7A0C /* Debug */,
				3AD24F831D09BA6F008F7A0C /* Release */,
			);
			defaultConfigurationIsVisible = 0;
			defaultConfigurationName = Release;
		};
		B84BFD791BDF63A90095C8E5 /* Build configuration list for PBXProject "HikkiCommonLib" */ = {
			isa = XCConfigurationList;
			buildConfigurations = (
				B84BFD851BDF63A90095C8E5 /* Debug */,
				B84BFD861BDF63A90095C8E5 /* Release */,
			);
			defaultConfigurationIsVisible = 0;
			defaultConfigurationName = Release;
		};
		B84BFD871BDF63A90095C8E5 /* Build configuration list for PBXNativeTarget "HikkiCommonLib" */ = {
			isa = XCConfigurationList;
			buildConfigurations = (
				B84BFD881BDF63A90095C8E5 /* Debug */,
				B84BFD891BDF63A90095C8E5 /* Release */,
			);
			defaultConfigurationIsVisible = 0;
			defaultConfigurationName = Release;
		};
/* End XCConfigurationList section */
	};
	rootObject = B84BFD761BDF63A90095C8E5 /* Project object */;
}
